hash: 040f7dbae59eeeb5d623cfd05701d3fc09d8246fc63cfcf814d34c0597acdd6d
updated: 2016-10-07T07:19:50.52023478Z
imports:
- name: github.com/uber-go/atomic
  version: 0c9e689d64f004564b79d9a663634756df322902
- name: github.com/uber-go/zap
  version: c4939d1166b2220bb45338e21506623b4bbdec50
testImports: []
